
Microsoft Visual Studio Solution File, Format Version 12.00
# Visual Studio Version 16
VisualStudioVersion = 16.0.30204.135
MinimumVisualStudioVersion = 10.0.40219.1
Project("{888888A0-9F3D-457C-B088-3A5042F75D52}") = "reddit bot", "reddit bot\reddit bot.pyproj", "{4CA68C4A-507F-4D73-883B-E336410438A5}"
EndProject
Global
	GlobalSection(SolutionConfigurationPlatforms) = preSolution
		Debug|Any CPU = Debug|Any CPU
		Release|Any CPU = Release|Any CPU
	EndGlobalSection
	GlobalSection(ProjectConfigurationPlatforms) = postSolution
		{4CA68C4A-507F-4D73-883B-E336410438A5}.Debug|Any CPU.ActiveCfg = Debug|Any CPU
		{4CA68C4A-507F-4D73-883B-E336410438A5}.Release|Any CPU.ActiveCfg = Release|Any CPU
	EndGlobalSection
	GlobalSection(SolutionProperties) = preSolution
		HideSolutionNode = FALSE
	EndGlobalSection
	GlobalSection(ExtensibilityGlobals) = postSolution
		SolutionGuid = {56784918-9014-44A7-A002-0751AD85043C}
	EndGlobalSection
EndGlobal
